
Microsoft Visual Studio Solution File, Format Version 12.00
# Visual Studio 2012
Project("{FAE04EC0-301F-11D3-BF4B-00C04F79EFBC}") = "RssFeedySharp", "RssFeedySharp\RssFeedySharp.csproj", "{838710B9-2E22-4B54-BCC2-89C8E3E80080}"
EndProject
Project("{FAE04EC0-301F-11D3-BF4B-00C04F79EFBC}") = "RssFeedySharp.Tests", "RssFeedySharp.Tests\RssFeedySharp.Tests.csproj", "{3301465E-4A4C-4EF8-AB5F-97FA810D1092}"
EndProject
Global
	GlobalSection(SolutionConfigurationPlatforms) = preSolution
		Debug|Any CPU = Debug|Any CPU
		Release|Any CPU = Release|Any CPU
	EndGlobalSection
	GlobalSection(ProjectConfigurationPlatforms) = postSolution
		{838710B9-2E22-4B54-BCC2-89C8E3E80080}.Debug|Any CPU.ActiveCfg = Debug|Any CPU
		{838710B9-2E22-4B54-BCC2-89C8E3E80080}.Debug|Any CPU.Build.0 = Debug|Any CPU
		{838710B9-2E22-4B54-BCC2-89C8E3E80080}.Release|Any CPU.ActiveCfg = Release|Any CPU
		{838710B9-2E22-4B54-BCC2-89C8E3E80080}.Release|Any CPU.Build.0 = Release|Any CPU
		{3301465E-4A4C-4EF8-AB5F-97FA810D1092}.Debug|Any CPU.ActiveCfg = Debug|Any CPU
		{3301465E-4A4C-4EF8-AB5F-97FA810D1092}.Debug|Any CPU.Build.0 = Debug|Any CPU
		{3301465E-4A4C-4EF8-AB5F-97FA810D1092}.Release|Any CPU.ActiveCfg = Release|Any CPU
		{3301465E-4A4C-4EF8-AB5F-97FA810D1092}.Release|Any CPU.Build.0 = Release|Any CPU
	EndGlobalSection
	GlobalSection(SolutionProperties) = preSolution
		HideSolutionNode = FALSE
	EndGlobalSection
EndGlobal
